
Microsoft Visual Studio Solution File, Format Version 12.00
# Visual Studio Version 17
VisualStudioVersion = 17.12.35514.174
MinimumVisualStudioVersion = 10.0.40219.1
Project("{FAE04EC0-301F-11D3-BF4B-00C04F79EFBC}") = "WebAPI", "WebAPI\WebAPI.csproj", "{1C669D9B-43B4-4C76-85CA-5B6F38B3CC67}"
EndProject
Project("{FAE04EC0-301F-11D3-BF4B-00C04F79EFBC}") = "BotaCosmin11", "BotaCosmin11\BotaCosmin11.csproj", "{5D6FE033-50A2-4D12-AF5B-EBB5A5886F28}"
EndProject
Global
	GlobalSection(SolutionConfigurationPlatforms) = preSolution
		Debug|Any CPU = Debug|Any CPU
		Release|Any CPU = Release|Any CPU
	EndGlobalSection
	GlobalSection(ProjectConfigurationPlatforms) = postSolution
		{1C669D9B-43B4-4C76-85CA-5B6F38B3CC67}.Debug|Any CPU.ActiveCfg = Debug|Any CPU
		{1C669D9B-43B4-4C76-85CA-5B6F38B3CC67}.Debug|Any CPU.Build.0 = Debug|Any CPU
		{1C669D9B-43B4-4C76-85CA-5B6F38B3CC67}.Release|Any CPU.ActiveCfg = Release|Any CPU
		{1C669D9B-43B4-4C76-85CA-5B6F38B3CC67}.Release|Any CPU.Build.0 = Release|Any CPU
		{5D6FE033-50A2-4D12-AF5B-EBB5A5886F28}.Debug|Any CPU.ActiveCfg = Debug|Any CPU
		{5D6FE033-50A2-4D12-AF5B-EBB5A5886F28}.Debug|Any CPU.Build.0 = Debug|Any CPU
		{5D6FE033-50A2-4D12-AF5B-EBB5A5886F28}.Debug|Any CPU.Deploy.0 = Debug|Any CPU
		{5D6FE033-50A2-4D12-AF5B-EBB5A5886F28}.Release|Any CPU.ActiveCfg = Release|Any CPU
		{5D6FE033-50A2-4D12-AF5B-EBB5A5886F28}.Release|Any CPU.Build.0 = Release|Any CPU
		{5D6FE033-50A2-4D12-AF5B-EBB5A5886F28}.Release|Any CPU.Deploy.0 = Release|Any CPU
	EndGlobalSection
	GlobalSection(SolutionProperties) = preSolution
		HideSolutionNode = FALSE
	EndGlobalSection
EndGlobal
